// !$*UTF8*$!
{
	archiveVersion = 1;
	classes = {
	};
	objectVersion = 50;
	objects = {

/* Begin PBXBuildFile section */
		52969EA525485C4D00188089 /* AppDelegate.swift in Sources */ = {isa = PBXBuildFile; fileRef = 52969EA425485C4D00188089 /* AppDelegate.swift */; };
		52969EA725485C4D00188089 /* SceneDelegate.swift in Sources */ = {isa = PBXBuildFile; fileRef = 52969EA625485C4D00188089 /* SceneDelegate.swift */; };
		52969EA925485C4D00188089 /* ViewController.swift in Sources */ = {isa = PBXBuildFile; fileRef = 52969EA825485C4D00188089 /* ViewController.swift */; };
		52969EAC25485C4D00188089 /* Main.storyboard in Resources */ = {isa = PBXBuildFile; fileRef = 52969EAA25485C4D00188089 /* Main.storyboard */; };
		52969EAE25485C4F00188089 /* Assets.xcassets in Resources */ = {isa = PBXBuildFile; fileRef = 52969EAD25485C4F00188089 /* Assets.xcassets */; };
		52969EB125485C4F00188089 /* LaunchScreen.storyboard in Resources */ = {isa = PBXBuildFile; fileRef = 52969EAF25485C4F00188089 /* LaunchScreen.storyboard */; };
		52969EBC25485C5000188089 /* InstaClonev1Tests.swift in Sources */ = {isa = PBXBuildFile; fileRef = 52969EBB25485C5000188089 /* InstaClonev1Tests.swift */; };
		52969EC725485C5000188089 /* InstaClonev1UITests.swift in Sources */ = {isa = PBXBuildFile; fileRef = 52969EC625485C5000188089 /* InstaClonev1UITests.swift */; };
/* End PBXBuildFile section */

/* Begin PBXContainerItemProxy section */
		52969EB825485C5000188089 /* PBXContainerItemProxy */ = {
			isa = PBXContainerItemProxy;
			containerPortal = 52969E9925485C4D00188089 /* Project object */;
			proxyType = 1;
			remoteGlobalIDString = 52969EA025485C4D00188089;
			remoteInfo = InstaClonev1;
		};
		52969EC325485C5000188089 /* PBXContainerItemProxy */ = {
			isa = PBXContainerItemProxy;
			containerPortal = 52969E9925485C4D00188089 /* Project object */;
			proxyType = 1;
			remoteGlobalIDString = 52969EA025485C4D00188089;
			remoteInfo = InstaClonev1;
		};
/* End PBXContainerItemProxy section */

/* Begin PBXFileReference section */
		52969EA125485C4D00188089 /* InstaClonev1.app */ = {isa = PBXFileReference; explicitFileType = wrapper.application; includeInIndex = 0; path = InstaClonev1.app; sourceTree = BUILT_PRODUCTS_DIR; };
		52969EA425485C4D00188089 /* AppDelegate.swift */ = {isa = PBXFileReference; lastKnownFileType = sourcecode.swift; path = AppDelegate.swift; sourceTree = "<group>"; };
		52969EA625485C4D00188089 /* SceneDelegate.swift */ = {isa = PBXFileReference; lastKnownFileType = sourcecode.swift; path = SceneDelegate.swift; sourceTree = "<group>"; };
		52969EA825485C4D00188089 /* ViewController.swift */ = {isa = PBXFileReference; lastKnownFileType = sourcecode.swift; path = ViewController.swift; sourceTree = "<group>"; };
		52969EAB25485C4D00188089 /* Base */ = {isa = PBXFileReference; lastKnownFileType = file.storyboard; name = Base; path = Base.lproj/Main.storyboard; sourceTree = "<group>"; };
		52969EAD25485C4F00188089 /* Assets.xcassets */ = {isa = PBXFileReference; lastKnownFileType = folder.assetcatalog; path = Assets.xcassets; sourceTree = "<group>"; };
		52969EB025485C4F00188089 /* Base */ = {isa = PBXFileReference; lastKnownFileType = file.storyboard; name = Base; path = Base.lproj/LaunchScreen.storyboard; sourceTree = "<group>"; };
		52969EB225485C4F00188089 /* Info.plist */ = {isa = PBXFileReference; lastKnownFileType = text.plist.xml; path = Info.plist; sourceTree = "<group>"; };
		52969EB725485C5000188089 /* InstaClonev1Tests.xctest */ = {isa = PBXFileReference; explicitFileType = wrapper.cfbundle; includeInIndex = 0; path = InstaClonev1Tests.xctest; sourceTree = BUILT_PRODUCTS_DIR; };
		52969EBB25485C5000188089 /* InstaClonev1Tests.swift */ = {isa = PBXFileReference; lastKnownFileType = sourcecode.swift; path = InstaClonev1Tests.swift; sourceTree = "<group>"; };
		52969EBD25485C5000188089 /* Info.plist */ = {isa = PBXFileReference; lastKnownFileType = text.plist.xml; path = Info.plist; sourceTree = "<group>"; };
		52969EC225485C5000188089 /* InstaClonev1UITests.xctest */ = {isa = PBXFileReference; explicitFileType = wrapper.cfbundle; includeInIndex = 0; path = InstaClonev1UITests.xctest; sourceTree = BUILT_PRODUCTS_DIR; };
		52969EC625485C5000188089 /* InstaClonev1UITests.swift */ = {isa = PBXFileReference; lastKnownFileType = sourcecode.swift; path = InstaClonev1UITests.swift; sourceTree = "<group>"; };
		52969EC825485C5000188089 /* Info.plist */ = {isa = PBXFileReference; lastKnownFileType = text.plist.xml; path = Info.plist; sourceTree = "<group>"; };
/* End PBXFileReference section */

/* Begin PBXFrameworksBuildPhase section */
		52969E9E25485C4D00188089 /* Frameworks */ = {
			isa = PBXFrameworksBuildPhase;
			buildActionMask = 2147483647;
			files = (
			);
			runOnlyForDeploymentPostprocessing = 0;
		};
		52969EB425485C5000188089 /* Frameworks */ = {
			isa = PBXFrameworksBuildPhase;
			buildActionMask = 2147483647;
			files = (
			);
			runOnlyForDeploymentPostprocessing = 0;
		};
		52969EBF25485C5000188089 /* Frameworks */ = {
			isa = PBXFrameworksBuildPhase;
			buildActionMask = 2147483647;
			files = (
			);
			runOnlyForDeploymentPostprocessing = 0;
		};
/* End PBXFrameworksBuildPhase section */

/* Begin PBXGroup section */
		52969E9825485C4D00188089 = {
			isa = PBXGroup;
			children = (
				52969EA325485C4D00188089 /* InstaClonev1 */,
				52969EBA25485C5000188089 /* InstaClonev1Tests */,
				52969EC525485C5000188089 /* InstaClonev1UITests */,
				52969EA225485C4D00188089 /* Products */,
			);
			sourceTree = "<group>";
		};
		52969EA225485C4D00188089 /* Products */ = {
			isa = PBXGroup;
			children = (
				52969EA125485C4D00188089 /* InstaClonev1.app */,
				52969EB725485C5000188089 /* InstaClonev1Tests.xctest */,
				52969EC225485C5000188089 /* InstaClonev1UITests.xctest */,
			);
			name = Products;
			sourceTree = "<group>";
		};
		52969EA325485C4D00188089 /* InstaClonev1 */ = {
			isa = PBXGroup;
			children = (
				52969EA425485C4D00188089 /* AppDelegate.swift */,
				52969EA625485C4D00188089 /* SceneDelegate.swift */,
				52969EA825485C4D00188089 /* ViewController.swift */,
				52969EAA25485C4D00188089 /* Main.storyboard */,
				52969EAD25485C4F00188089 /* Assets.xcassets */,
				52969EAF25485C4F00188089 /* LaunchScreen.storyboard */,
				52969EB225485C4F00188089 /* Info.plist */,
			);
			path = InstaClonev1;
			sourceTree = "<group>";
		};
		52969EBA25485C5000188089 /* InstaClonev1Tests */ = {
			isa = PBXGroup;
			children = (
				52969EBB25485C5000188089 /* InstaClonev1Tests.swift */,
				52969EBD25485C5000188089 /* Info.plist */,
			);
			path = InstaClonev1Tests;
			sourceTree = "<group>";
		};
		52969EC525485C5000188089 /* InstaClonev1UITests */ = {
			isa = PBXGroup;
			children = (
				52969EC625485C5000188089 /* InstaClonev1UITests.swift */,
				52969EC825485C5000188089 /* Info.plist */,
			);
			path = InstaClonev1UITests;
			sourceTree = "<group>";
		};
/* End PBXGroup section */

/* Begin PBXNativeTarget section */
		52969EA025485C4D00188089 /* InstaClonev1 */ = {
			isa = PBXNativeTarget;
			buildConfigurationList = 52969ECB25485C5000188089 /* Build configuration list for PBXNativeTarget "InstaClonev1" */;
			buildPhases = (
				52969E9D25485C4D00188089 /* Sources */,
				52969E9E25485C4D00188089 /* Frameworks */,
				52969E9F25485C4D00188089 /* Resources */,
			);
			buildRules = (
			);
			dependencies = (
			);
			name = InstaClonev1;
			productName = InstaClonev1;
			productReference = 52969EA125485C4D00188089 /* InstaClonev1.app */;
			productType = "com.apple.product-type.application";
		};
		52969EB625485C5000188089 /* InstaClonev1Tests */ = {
			isa = PBXNativeTarget;
			buildConfigurationList = 52969ECE25485C5000188089 /* Build configuration list for PBXNativeTarget "InstaClonev1Tests" */;
			buildPhases = (
				52969EB325485C5000188089 /* Sources */,
				52969EB425485C5000188089 /* Frameworks */,
				52969EB525485C5000188089 /* Resources */,
			);
			buildRules = (
			);
			dependencies = (
				52969EB925485C5000188089 /* PBXTargetDependency */,
			);
			name = InstaClonev1Tests;
			productName = InstaClonev1Tests;
			productReference = 52969EB725485C5000188089 /* InstaClonev1Tests.xctest */;
			productType = "com.apple.product-type.bundle.unit-test";
		};
		52969EC125485C5000188089 /* InstaClonev1UITests */ = {
			isa = PBXNativeTarget;
			buildConfigurationList = 52969ED125485C5000188089 /* Build configuration list for PBXNativeTarget "InstaClonev1UITests" */;
			buildPhases = (
				52969EBE25485C5000188089 /* Sources */,
				52969EBF25485C5000188089 /* Frameworks */,
				52969EC025485C5000188089 /* Resources */,
			);
			buildRules = (
			);
			dependencies = (
				52969EC425485C5000188089 /* PBXTargetDependency */,
			);
			name = InstaClonev1UITests;
			productName = InstaClonev1UITests;
			productReference = 52969EC225485C5000188089 /* InstaClonev1UITests.xctest */;
			productType = "com.apple.product-type.bundle.ui-testing";
		};
/* End PBXNativeTarget section */

/* Begin PBXProject section */
		52969E9925485C4D00188089 /* Project object */ = {
			isa = PBXProject;
			attributes = {
				LastSwiftUpdateCheck = 1210;
				LastUpgradeCheck = 1210;
				TargetAttributes = {
					52969EA025485C4D00188089 = {
						CreatedOnToolsVersion = 12.1;
					};
					52969EB625485C5000188089 = {
						CreatedOnToolsVersion = 12.1;
						TestTargetID = 52969EA025485C4D00188089;
					};
					52969EC125485C5000188089 = {
						CreatedOnToolsVersion = 12.1;
						TestTargetID = 52969EA025485C4D00188089;
					};
				};
			};
			buildConfigurationList = 52969E9C25485C4D00188089 /* Build configuration list for PBXProject "InstaClonev1" */;
			compatibilityVersion = "Xcode 9.3";
			developmentRegion = en;
			hasScannedForEncodings = 0;
			knownRegions = (
				en,
				Base,
			);
			mainGroup = 52969E9825485C4D00188089;
			productRefGroup = 52969EA225485C4D00188089 /* Products */;
			projectDirPath = "";
			projectRoot = "";
			targets = (
				52969EA025485C4D00188089 /* InstaClonev1 */,
				52969EB625485C5000188089 /* InstaClonev1Tests */,
				52969EC125485C5000188089 /* InstaClonev1UITests */,
			);
		};
/* End PBXProject section */

/* Begin PBXResourcesBuildPhase section */
		52969E9F25485C4D00188089 /* Resources */ = {
			isa = PBXResourcesBuildPhase;
			buildActionMask = 2147483647;
			files = (
				52969EB125485C4F00188089 /* LaunchScreen.storyboard in Resources */,
				52969EAE25485C4F00188089 /* Assets.xcassets in Resources */,
				52969EAC25485C4D00188089 /* Main.storyboard in Resources */,
			);
			runOnlyForDeploymentPostprocessing = 0;
		};
		52969EB525485C5000188089 /* Resources */ = {
			isa = PBXResourcesBuildPhase;
			buildActionMask = 2147483647;
			files = (
			);
			runOnlyForDeploymentPostprocessing = 0;
		};
		52969EC025485C5000188089 /* Resources */ = {
			isa = PBXResourcesBuildPhase;
			buildActionMask = 2147483647;
			files = (
			);
			runOnlyForDeploymentPostprocessing = 0;
		};
/* End PBXResourcesBuildPhase section */

/* Begin PBXSourcesBuildPhase section */
		52969E9D25485C4D00188089 /* Sources */ = {
			isa = PBXSourcesBuildPhase;
			buildActionMask = 2147483647;
			files = (
				52969EA925485C4D00188089 /* ViewController.swift in Sources */,
				52969EA525485C4D00188089 /* AppDelegate.swift in Sources */,
				52969EA725485C4D00188089 /* SceneDelegate.swift in Sources */,
			);
			runOnlyForDeploymentPostprocessing = 0;
		};
		52969EB325485C5000188089 /* Sources */ = {
			isa = PBXSourcesBuildPhase;
			buildActionMask = 2147483647;
			files = (
				52969EBC25485C5000188089 /* InstaClonev1Tests.swift in Sources */,
			);
			runOnlyForDeploymentPostprocessing = 0;
		};
		52969EBE25485C5000188089 /* Sources */ = {
			isa = PBXSourcesBuildPhase;
			buildActionMask = 2147483647;
			files = (
				52969EC725485C5000188089 /* InstaClonev1UITests.swift in Sources */,
			);
			runOnlyForDeploymentPostprocessing = 0;
		};
/* End PBXSourcesBuildPhase section */

/* Begin PBXTargetDependency section */
		52969EB925485C5000188089 /* PBXTargetDependency */ = {
			isa = PBXTargetDependency;
			target = 52969EA025485C4D00188089 /* InstaClonev1 */;
			targetProxy = 52969EB825485C5000188089 /* PBXContainerItemProxy */;
		};
		52969EC425485C5000188089 /* PBXTargetDependency */ = {
			isa = PBXTargetDependency;
			target = 52969EA025485C4D00188089 /* InstaClonev1 */;
			targetProxy = 52969EC325485C5000188089 /* PBXContainerItemProxy */;
		};
/* End PBXTargetDependency section */

/* Begin PBXVariantGroup section */
		52969EAA25485C4D00188089 /* Main.storyboard */ = {
			isa = PBXVariantGroup;
			children = (
				52969EAB25485C4D00188089 /* Base */,
			);
			name = Main.storyboard;
			sourceTree = "<group>";
		};
		52969EAF25485C4F00188089 /* LaunchScreen.storyboard */ = {
			isa = PBXVariantGroup;
			children = (
				52969EB025485C4F00188089 /* Base */,
			);
			name = LaunchScreen.storyboard;
			sourceTree = "<group>";
		};
/* End PBXVariantGroup section */

/* Begin XCBuildConfiguration section */
		52969EC925485C5000188089 /* Debug */ = {
			isa = XCBuildConfiguration;
			buildSettings = {
				ALWAYS_SEARCH_USER_PATHS = NO;
				CLANG_ANALYZER_NONNULL = YES;
				CLANG_ANALYZER_NUMBER_OBJECT_CONVERSION = YES_AGGRESSIVE;
				CLANG_CXX_LANGUAGE_STANDARD = "gnu++14";
				CLANG_CXX_LIBRARY = "libc++";
				CLANG_ENABLE_MODULES = YES;
				CLANG_ENABLE_OBJC_ARC = YES;
				CLANG_ENABLE_OBJC_WEAK = YES;
				CLANG_WARN_BLOCK_CAPTURE_AUTORELEASING = YES;
				CLANG_WARN_BOOL_CONVERSION = YES;
				CLANG_WARN_COMMA = YES;
				CLANG_WARN_CONSTANT_CONVERSION = YES;
				CLANG_WARN_DEPRECATED_OBJC_IMPLEMENTATIONS = YES;
				CLANG_WARN_DIRECT_OBJC_ISA_USAGE = YES_ERROR;
				CLANG_WARN_DOCUMENTATION_COMMENTS = YES;
				CLANG_WARN_EMPTY_BODY = YES;
				CLANG_WARN_ENUM_CONVERSION = YES;
				CLANG_WARN_INFINITE_RECURSION = YES;
				CLANG_WARN_INT_CONVERSION = YES;
				CLANG_WARN_NON_LITERAL_NULL_CONVERSION = YES;
				CLANG_WARN_OBJC_IMPLICIT_RETAIN_SELF = YES;
				CLANG_WARN_OBJC_LITERAL_CONVERSION = YES;
				CLANG_WARN_OBJC_ROOT_CLASS = YES_ERROR;
				CLANG_WARN_QUOTED_INCLUDE_IN_FRAMEWORK_HEADER = YES;
				CLANG_WARN_RANGE_LOOP_ANALYSIS = YES;
				CLANG_WARN_STRICT_PROTOTYPES = YES;
				CLANG_WARN_SUSPICIOUS_MOVE = YES;
				CLANG_WARN_UNGUARDED_AVAILABILITY = YES_AGGRESSIVE;
				CLANG_WARN_UNREACHABLE_CODE = YES;
				CLANG_WARN__DUPLICATE_METHOD_MATCH = YES;
				COPY_PHASE_STRIP = NO;
				DEBUG_INFORMATION_FORMAT = dwarf;
				ENABLE_STRICT_OBJC_MSGSEND = YES;
				ENABLE_TESTABILITY = YES;
				GCC_C_LANGUAGE_STANDARD = gnu11;
				GCC_DYNAMIC_NO_PIC = NO;
				GCC_NO_COMMON_BLOCKS = YES;
				GCC_OPTIMIZATION_LEVEL = 0;
				GCC_PREPROCESSOR_DEFINITIONS = (
					"DEBUG=1",
					"$(inherited)",
				);
				GCC_WARN_64_TO_32_BIT_CONVERSION = YES;
				GCC_WARN_ABOUT_RETURN_TYPE = YES_ERROR;
				GCC_WARN_UNDECLARED_SELECTOR = YES;
				GCC_WARN_UNINITIALIZED_AUTOS = YES_AGGRESSIVE;
				GCC_WARN_UNUSED_FUNCTION = YES;
				GCC_WARN_UNUSED_VARIABLE = YES;
				IPHONEOS_DEPLOYMENT_TARGET = 14.1;
				MTL_ENABLE_DEBUG_INFO = INCLUDE_SOURCE;
				MTL_FAST_MATH = YES;
				ONLY_ACTIVE_ARCH = YES;
				SDKROOT = iphoneos;
				SWIFT_ACTIVE_COMPILATION_CONDITIONS = DEBUG;
				SWIFT_OPTIMIZATION_LEVEL = "-Onone";
			};
			name = Debug;
		};
		52969ECA25485C5000188089 /* Release */ = {
			isa = XCBuildConfiguration;
			buildSettings = {
				ALWAYS_SEARCH_USER_PATHS = NO;
				CLANG_ANALYZER_NONNULL = YES;
				CLANG_ANALYZER_NUMBER_OBJECT_CONVERSION = YES_AGGRESSIVE;
				CLANG_CXX_LANGUAGE_STANDARD = "gnu++14";
				CLANG_CXX_LIBRARY = "libc++";
				CLANG_ENABLE_MODULES = YES;
				CLANG_ENABLE_OBJC_ARC = YES;
				CLANG_ENABLE_OBJC_WEAK = YES;
				CLANG_WARN_BLOCK_CAPTURE_AUTORELEASING = YES;
				CLANG_WARN_BOOL_CONVERSION = YES;
				CLANG_WARN_COMMA = YES;
				CLANG_WARN_CONSTANT_CONVERSION = YES;
				CLANG_WARN_DEPRECATED_OBJC_IMPLEMENTATIONS = YES;
				CLANG_WARN_DIRECT_OBJC_ISA_USAGE = YES_ERROR;
				CLANG_WARN_DOCUMENTATION_COMMENTS = YES;
				CLANG_WARN_EMPTY_BODY = YES;
				CLANG_WARN_ENUM_CONVERSION = YES;
				CLANG_WARN_INFINITE_RECURSION = YES;
				CLANG_WARN_INT_CONVERSION = YES;
				CLANG_WARN_NON_LITERAL_NULL_CONVERSION = YES;
				CLANG_WARN_OBJC_IMPLICIT_RETAIN_SELF = YES;
				CLANG_WARN_OBJC_LITERAL_CONVERSION = YES;
				CLANG_WARN_OBJC_ROOT_CLASS = YES_ERROR;
				CLANG_WARN_QUOTED_INCLUDE_IN_FRAMEWORK_HEADER = YES;
				CLANG_WARN_RANGE_LOOP_ANALYSIS = YES;
				CLANG_WARN_STRICT_PROTOTYPES = YES;
				CLANG_WARN_SUSPICIOUS_MOVE = YES;
				CLANG_WARN_UNGUARDED_AVAILABILITY = YES_AGGRESSIVE;
				CLANG_WARN_UNREACHABLE_CODE = YES;
				CLANG_WARN__DUPLICATE_METHOD_MATCH = YES;
				COPY_PHASE_STRIP = NO;
				DEBUG_INFORMATION_FORMAT = "dwarf-with-dsym";
				ENABLE_NS_ASSERTIONS = NO;
				ENABLE_STRICT_OBJC_MSGSEND = YES;
				GCC_C_LANGUAGE_STANDARD = gnu11;
				GCC_NO_COMMON_BLOCKS = YES;
				GCC_WARN_64_TO_32_BIT_CONVERSION = YES;
				GCC_WARN_ABOUT_RETURN_TYPE = YES_ERROR;
				GCC_WARN_UNDECLARED_SELECTOR = YES;
				GCC_WARN_UNINITIALIZED_AUTOS = YES_AGGRESSIVE;
				GCC_WARN_UNUSED_FUNCTION = YES;
				GCC_WARN_UNUSED_VARIABLE = YES;
				IPHONEOS_DEPLOYMENT_TARGET = 14.1;
				MTL_ENABLE_DEBUG_INFO = NO;
				MTL_FAST_MATH = YES;
				SDKROOT = iphoneos;
				SWIFT_COMPILATION_MODE = wholemodule;
				SWIFT_OPTIMIZATION_LEVEL = "-O";
				VALIDATE_PRODUCT = YES;
			};
			name = Release;
		};
		52969ECC25485C5000188089 /* Debug */ = {
			isa = XCBuildConfiguration;
			buildSettings = {
				ASSETCATALOG_COMPILER_APPICON_NAME = AppIcon;
				ASSETCATALOG_COMPILER_GLOBAL_ACCENT_COLOR_NAME = AccentColor;
				CODE_SIGN_STYLE = Automatic;
				DEVELOPMENT_TEAM = NVYNUA4F7Z;
				INFOPLIST_FILE = InstaClonev1/Info.plist;
				LD_RUNPATH_SEARCH_PATHS = (
					"$(inherited)",
					"@executable_path/Frameworks",
				);
				PRODUCT_BUNDLE_IDENTIFIER = dev.magme.InstaClonev1;
				PRODUCT_NAME = "$(TARGET_NAME)";
				SWIFT_VERSION = 5.0;
				TARGETED_DEVICE_FAMILY = "1,2";
			};
			name = Debug;
		};
		52969ECD25485C5000188089 /* Release */ = {
			isa = XCBuildConfiguration;
			buildSettings = {
				ASSETCATALOG_COMPILER_APPICON_NAME = AppIcon;
				ASSETCATALOG_COMPILER_GLOBAL_ACCENT_COLOR_NAME = AccentColor;
				CODE_SIGN_STYLE = Automatic;
				DEVELOPMENT_TEAM = NVYNUA4F7Z;
				INFOPLIST_FILE = InstaClonev1/Info.plist;
				LD_RUNPATH_SEARCH_PATHS = (
					"$(inherited)",
					"@executable_path/Frameworks",
				);
				PRODUCT_BUNDLE_IDENTIFIER = dev.magme.InstaClonev1;
				PRODUCT_NAME = "$(TARGET_NAME)";
				SWIFT_VERSION = 5.0;
				TARGETED_DEVICE_FAMILY = "1,2";
			};
			name = Release;
		};
		52969ECF25485C5000188089 /* Debug */ = {
			isa = XCBuildConfiguration;
			buildSettings = {
				ALWAYS_EMBED_SWIFT_STANDARD_LIBRARIES = YES;
				BUNDLE_LOADER = "$(TEST_HOST)";
				CODE_SIGN_STYLE = Automatic;
				DEVELOPMENT_TEAM = NVYNUA4F7Z;
				INFOPLIST_FILE = InstaClonev1Tests/Info.plist;
				IPHONEOS_DEPLOYMENT_TARGET = 14.1;
				LD_RUNPATH_SEARCH_PATHS = (
					"$(inherited)",
					"@executable_path/Frameworks",
					"@loader_path/Frameworks",
				);
				PRODUCT_BUNDLE_IDENTIFIER = dev.magme.InstaClonev1Tests;
				PRODUCT_NAME = "$(TARGET_NAME)";
				SWIFT_VERSION = 5.0;
				TARGETED_DEVICE_FAMILY = "1,2";
				TEST_HOST = "$(BUILT_PRODUCTS_DIR)/InstaClonev1.app/InstaClonev1";
			};
			name = Debug;
		};
		52969ED025485C5000188089 /* Release */ = {
			isa = XCBuildConfiguration;
			buildSettings = {
				ALWAYS_EMBED_SWIFT_STANDARD_LIBRARIES = YES;
				BUNDLE_LOADER = "$(TEST_HOST)";
				CODE_SIGN_STYLE = Automatic;
				DEVELOPMENT_TEAM = NVYNUA4F7Z;
				INFOPLIST_FILE = InstaClonev1Tests/Info.plist;
				IPHONEOS_DEPLOYMENT_TARGET = 14.1;
				LD_RUNPATH_SEARCH_PATHS = (
					"$(inherited)",
					"@executable_path/Frameworks",
					"@loader_path/Frameworks",
				);
				PRODUCT_BUNDLE_IDENTIFIER = dev.magme.InstaClonev1Tests;
				PRODUCT_NAME = "$(TARGET_NAME)";
				SWIFT_VERSION = 5.0;
				TARGETED_DEVICE_FAMILY = "1,2";
				TEST_HOST = "$(BUILT_PRODUCTS_DIR)/InstaClonev1.app/InstaClonev1";
			};
			name = Release;
		};
		52969ED225485C5000188089 /* Debug */ = {
			isa = XCBuildConfiguration;
			buildSettings = {
				ALWAYS_EMBED_SWIFT_STANDARD_LIBRARIES = YES;
				CODE_SIGN_STYLE = Automatic;
				DEVELOPMENT_TEAM = NVYNUA4F7Z;
				INFOPLIST_FILE = InstaClonev1UITests/Info.plist;
				LD_RUNPATH_SEARCH_PATHS = (
					"$(inherited)",
					"@executable_path/Frameworks",
					"@loader_path/Frameworks",
				);
				PRODUCT_BUNDLE_IDENTIFIER = dev.magme.InstaClonev1UITests;
				PRODUCT_NAME = "$(TARGET_NAME)";
				SWIFT_VERSION = 5.0;
				TARGETED_DEVICE_FAMILY = "1,2";
				TEST_TARGET_NAME = InstaClonev1;
			};
			name = Debug;
		};
		52969ED325485C5000188089 /* Release */ = {
			isa = XCBuildConfiguration;
			buildSettings = {
				ALWAYS_EMBED_SWIFT_STANDARD_LIBRARIES = YES;
				CODE_SIGN_STYLE = Automatic;
				DEVELOPMENT_TEAM = NVYNUA4F7Z;
				INFOPLIST_FILE = InstaClonev1UITests/Info.plist;
				LD_RUNPATH_SEARCH_PATHS = (
					"$(inherited)",
					"@executable_path/Frameworks",
					"@loader_path/Frameworks",
				);
				PRODUCT_BUNDLE_IDENTIFIER = dev.magme.InstaClonev1UITests;
				PRODUCT_NAME = "$(TARGET_NAME)";
				SWIFT_VERSION = 5.0;
				TARGETED_DEVICE_FAMILY = "1,2";
				TEST_TARGET_NAME = InstaClonev1;
			};
			name = Release;
		};
/* End XCBuildConfiguration section */

/* Begin XCConfigurationList section */
		52969E9C25485C4D00188089 /* Build configuration list for PBXProject "InstaClonev1" */ = {
			isa = XCConfigurationList;
			buildConfigurations = (
				52969EC925485C5000188089 /* Debug */,
				52969ECA25485C5000188089 /* Release */,
			);
			defaultConfigurationIsVisible = 0;
			defaultConfigurationName = Release;
		};
		52969ECB25485C5000188089 /* Build configuration list for PBXNativeTarget "InstaClonev1" */ = {
			isa = XCConfigurationList;
			buildConfigurations = (
				52969ECC25485C5000188089 /* Debug */,
				52969ECD25485C5000188089 /* Release */,
			);
			defaultConfigurationIsVisible = 0;
			defaultConfigurationName = Release;
		};
		52969ECE25485C5000188089 /* Build configuration list for PBXNativeTarget "InstaClonev1Tests" */ = {
			isa = XCConfigurationList;
			buildConfigurations = (
				52969ECF25485C5000188089 /* Debug */,
				52969ED025485C5000188089 /* Release */,
			);
			defaultConfigurationIsVisible = 0;
			defaultConfigurationName = Release;
		};
		52969ED125485C5000188089 /* Build configuration list for PBXNativeTarget "InstaClonev1UITests" */ = {
			isa = XCConfigurationList;
			buildConfigurations = (
				52969ED225485C5000188089 /* Debug */,
				52969ED325485C5000188089 /* Release */,
			);
			defaultConfigurationIsVisible = 0;
			defaultConfigurationName = Release;
		};
/* End XCConfigurationList section */
	};
	rootObject = 52969E9925485C4D00188089 /* Project object */;
}
